// !$*UTF8*$!
{
	archiveVersion = 1;
	classes = {
	};
	objectVersion = 56;
	objects = {

/* Begin PBXBuildFile section */
		020F07062974454400AC8541 /* UserProfileView.swift in Sources */ = {isa = PBXBuildFile; fileRef = 020F07052974454400AC8541 /* UserProfileView.swift */; };
		0211625329A7F4A900930432 /* CompleteRegistrationModal.swift in Sources */ = {isa = PBXBuildFile; fileRef = 0211625229A7F4A900930432 /* CompleteRegistrationModal.swift */; };
		021E16AB295F690400CC85EA /* FirebaseAnalytics in Frameworks */ = {isa = PBXBuildFile; productRef = 021E16AA295F690400CC85EA /* FirebaseAnalytics */; };
		021E16AD295F690400CC85EA /* FirebaseAnalyticsOnDeviceConversion in Frameworks */ = {isa = PBXBuildFile; productRef = 021E16AC295F690400CC85EA /* FirebaseAnalyticsOnDeviceConversion */; };
		021E16AF295F690400CC85EA /* FirebaseAnalyticsSwift in Frameworks */ = {isa = PBXBuildFile; productRef = 021E16AE295F690400CC85EA /* FirebaseAnalyticsSwift */; };
		021E16B1295F690400CC85EA /* FirebaseAnalyticsWithoutAdIdSupport in Frameworks */ = {isa = PBXBuildFile; productRef = 021E16B0295F690400CC85EA /* FirebaseAnalyticsWithoutAdIdSupport */; };
		021E16B3295F690400CC85EA /* FirebaseAppCheck in Frameworks */ = {isa = PBXBuildFile; productRef = 021E16B2295F690400CC85EA /* FirebaseAppCheck */; };
		021E16B5295F690400CC85EA /* FirebaseAppDistribution-Beta in Frameworks */ = {isa = PBXBuildFile; productRef = 021E16B4295F690400CC85EA /* FirebaseAppDistribution-Beta */; };
		021E16B7295F690400CC85EA /* FirebaseAuth in Frameworks */ = {isa = PBXBuildFile; productRef = 021E16B6295F690400CC85EA /* FirebaseAuth */; };
		021E16B9295F690400CC85EA /* FirebaseAuthCombine-Community in Frameworks */ = {isa = PBXBuildFile; productRef = 021E16B8295F690400CC85EA /* FirebaseAuthCombine-Community */; };
		021E16BB295F690400CC85EA /* FirebaseCrashlytics in Frameworks */ = {isa = PBXBuildFile; productRef = 021E16BA295F690400CC85EA /* FirebaseCrashlytics */; };
		021E16BD295F690400CC85EA /* FirebaseDatabase in Frameworks */ = {isa = PBXBuildFile; productRef = 021E16BC295F690400CC85EA /* FirebaseDatabase */; };
		021E16BF295F690400CC85EA /* FirebaseDatabaseSwift in Frameworks */ = {isa = PBXBuildFile; productRef = 021E16BE295F690400CC85EA /* FirebaseDatabaseSwift */; };
		021E16C1295F690400CC85EA /* FirebaseDynamicLinks in Frameworks */ = {isa = PBXBuildFile; productRef = 021E16C0295F690400CC85EA /* FirebaseDynamicLinks */; };
		021E16C3295F690400CC85EA /* FirebaseFirestore in Frameworks */ = {isa = PBXBuildFile; productRef = 021E16C2295F690400CC85EA /* FirebaseFirestore */; };
		021E16C5295F690400CC85EA /* FirebaseFirestoreCombine-Community in Frameworks */ = {isa = PBXBuildFile; productRef = 021E16C4295F690400CC85EA /* FirebaseFirestoreCombine-Community */; };
		021E16C7295F690400CC85EA /* FirebaseFirestoreSwift in Frameworks */ = {isa = PBXBuildFile; productRef = 021E16C6295F690400CC85EA /* FirebaseFirestoreSwift */; };
		021E16C9295F690400CC85EA /* FirebaseFunctions in Frameworks */ = {isa = PBXBuildFile; productRef = 021E16C8295F690400CC85EA /* FirebaseFunctions */; };
		021E16CB295F690400CC85EA /* FirebaseFunctionsCombine-Community in Frameworks */ = {isa = PBXBuildFile; productRef = 021E16CA295F690400CC85EA /* FirebaseFunctionsCombine-Community */; };
		021E16CD295F690400CC85EA /* FirebaseInAppMessaging-Beta in Frameworks */ = {isa = PBXBuildFile; productRef = 021E16CC295F690400CC85EA /* FirebaseInAppMessaging-Beta */; };
		021E16CF295F690400CC85EA /* FirebaseInAppMessagingSwift-Beta in Frameworks */ = {isa = PBXBuildFile; productRef = 021E16CE295F690400CC85EA /* FirebaseInAppMessagingSwift-Beta */; };
		021E16D1295F690400CC85EA /* FirebaseInstallations in Frameworks */ = {isa = PBXBuildFile; productRef = 021E16D0295F690400CC85EA /* FirebaseInstallations */; };
		021E16D3295F690400CC85EA /* FirebaseMLModelDownloader in Frameworks */ = {isa = PBXBuildFile; productRef = 021E16D2295F690400CC85EA /* FirebaseMLModelDownloader */; };
		021E16D5295F690400CC85EA /* FirebaseMessaging in Frameworks */ = {isa = PBXBuildFile; productRef = 021E16D4295F690400CC85EA /* FirebaseMessaging */; };
		021E16D7295F690400CC85EA /* FirebasePerformance in Frameworks */ = {isa = PBXBuildFile; productRef = 021E16D6295F690400CC85EA /* FirebasePerformance */; };
		021E16D9295F690400CC85EA /* FirebaseRemoteConfig in Frameworks */ = {isa = PBXBuildFile; productRef = 021E16D8295F690400CC85EA /* FirebaseRemoteConfig */; };
		021E16DB295F690400CC85EA /* FirebaseRemoteConfigSwift in Frameworks */ = {isa = PBXBuildFile; productRef = 021E16DA295F690400CC85EA /* FirebaseRemoteConfigSwift */; };
		021E16DD295F690400CC85EA /* FirebaseStorage in Frameworks */ = {isa = PBXBuildFile; productRef = 021E16DC295F690400CC85EA /* FirebaseStorage */; };
		021E16DF295F690400CC85EA /* FirebaseStorageCombine-Community in Frameworks */ = {isa = PBXBuildFile; productRef = 021E16DE295F690400CC85EA /* FirebaseStorageCombine-Community */; };
		02444DFF29CA122F00CDBB8B /* GoogleSignIn in Frameworks */ = {isa = PBXBuildFile; productRef = 02444DFE29CA122F00CDBB8B /* GoogleSignIn */; };
		02444E0129CA122F00CDBB8B /* GoogleSignInSwift in Frameworks */ = {isa = PBXBuildFile; productRef = 02444E0029CA122F00CDBB8B /* GoogleSignInSwift */; };
		024C172A29D4C169003B09AD /* UIColor.swift in Sources */ = {isa = PBXBuildFile; fileRef = 024C172929D4C169003B09AD /* UIColor.swift */; };
		024C64D72958AFAE00C6E581 /* ParticipantsApp.swift in Sources */ = {isa = PBXBuildFile; fileRef = 024C64D62958AFAE00C6E581 /* ParticipantsApp.swift */; };
		024C64D92958AFAE00C6E581 /* ContentView.swift in Sources */ = {isa = PBXBuildFile; fileRef = 024C64D82958AFAE00C6E581 /* ContentView.swift */; };
		024C64DB2958AFAF00C6E581 /* Assets.xcassets in Resources */ = {isa = PBXBuildFile; fileRef = 024C64DA2958AFAF00C6E581 /* Assets.xcassets */; };
		024C64DE2958AFAF00C6E581 /* Preview Assets.xcassets in Resources */ = {isa = PBXBuildFile; fileRef = 024C64DD2958AFAF00C6E581 /* Preview Assets.xcassets */; };
		024C64E82958AFAF00C6E581 /* ParticipantsTests.swift in Sources */ = {isa = PBXBuildFile; fileRef = 024C64E72958AFAF00C6E581 /* ParticipantsTests.swift */; };
		024C64F22958AFAF00C6E581 /* ParticipantsUITests.swift in Sources */ = {isa = PBXBuildFile; fileRef = 024C64F12958AFAF00C6E581 /* ParticipantsUITests.swift */; };
		024C64F42958AFAF00C6E581 /* ParticipantsUITestsLaunchTests.swift in Sources */ = {isa = PBXBuildFile; fileRef = 024C64F32958AFAF00C6E581 /* ParticipantsUITestsLaunchTests.swift */; };
		024C65022958B20300C6E581 /* MyProfilePage.swift in Sources */ = {isa = PBXBuildFile; fileRef = 024C65012958B20300C6E581 /* MyProfilePage.swift */; };
		024C65082958B49A00C6E581 /* CreateEventPage.swift in Sources */ = {isa = PBXBuildFile; fileRef = 024C65072958B49A00C6E581 /* CreateEventPage.swift */; };
		024C650A2958B4B900C6E581 /* EventPage.swift in Sources */ = {isa = PBXBuildFile; fileRef = 024C65092958B4B900C6E581 /* EventPage.swift */; };
		024C65102958B5A100C6E581 /* WelcomePage.swift in Sources */ = {isa = PBXBuildFile; fileRef = 024C650F2958B5A100C6E581 /* WelcomePage.swift */; };
		024C65132958B68100C6E581 /* EventPreview.swift in Sources */ = {isa = PBXBuildFile; fileRef = 024C65122958B68100C6E581 /* EventPreview.swift */; };
		024C652029599E2D00C6E581 /* GoogleService-Info.plist in Resources */ = {isa = PBXBuildFile; fileRef = 024C651F29599E2D00C6E581 /* GoogleService-Info.plist */; };
		024C65312959A60F00C6E581 /* SignUpSignIn.swift in Sources */ = {isa = PBXBuildFile; fileRef = 024C65302959A60F00C6E581 /* SignUpSignIn.swift */; };
		024C654C295F4B8000C6E581 /* UserManager.swift in Sources */ = {isa = PBXBuildFile; fileRef = 024C654B295F4B8000C6E581 /* UserManager.swift */; };
		024C6550295F629800C6E581 /* EventManager.swift in Sources */ = {isa = PBXBuildFile; fileRef = 024C654F295F629800C6E581 /* EventManager.swift */; };
		024C6552295F62D000C6E581 /* EventModel.swift in Sources */ = {isa = PBXBuildFile; fileRef = 024C6551295F62D000C6E581 /* EventModel.swift */; };
		0263DB7629DA08E7003AC52C /* FeedbackArea.swift in Sources */ = {isa = PBXBuildFile; fileRef = 0263DB7529DA08E7003AC52C /* FeedbackArea.swift */; };
		0263DB7829DA0C7D003AC52C /* FeedbacksObserver.swift in Sources */ = {isa = PBXBuildFile; fileRef = 0263DB7729DA0C7D003AC52C /* FeedbacksObserver.swift */; };
		0266F30029707A04009F4F55 /* RichTextKit in Frameworks */ = {isa = PBXBuildFile; productRef = 0266F2FF29707A04009F4F55 /* RichTextKit */; };
		0266F3032970844C009F4F55 /* FormValidator in Frameworks */ = {isa = PBXBuildFile; productRef = 0266F3022970844C009F4F55 /* FormValidator */; };
		0266F30629709539009F4F55 /* PopupView in Frameworks */ = {isa = PBXBuildFile; productRef = 0266F30529709539009F4F55 /* PopupView */; };
		0266F30929709C91009F4F55 /* ConfettiSwiftUI in Frameworks */ = {isa = PBXBuildFile; productRef = 0266F30829709C91009F4F55 /* ConfettiSwiftUI */; };
		0267B10B29C4EA620011805E /* AuthGuardPage.swift in Sources */ = {isa = PBXBuildFile; fileRef = 0267B10A29C4EA620011805E /* AuthGuardPage.swift */; };
		027ECD7F29CF2C7E00E36A6C /* ViewBorders.swift in Sources */ = {isa = PBXBuildFile; fileRef = 027ECD7E29CF2C7E00E36A6C /* ViewBorders.swift */; };
		027ECD8129CF7C7000E36A6C /* Comments.swift in Sources */ = {isa = PBXBuildFile; fileRef = 027ECD8029CF7C7000E36A6C /* Comments.swift */; };
		0281397729D5A7B900599E88 /* MyPlansPage.swift in Sources */ = {isa = PBXBuildFile; fileRef = 0281397629D5A7B900599E88 /* MyPlansPage.swift */; };
		0281397929D5A7FB00599E88 /* PlansObserver.swift in Sources */ = {isa = PBXBuildFile; fileRef = 0281397829D5A7FB00599E88 /* PlansObserver.swift */; };
		0281397B29D5AFBA00599E88 /* EventsList.swift in Sources */ = {isa = PBXBuildFile; fileRef = 0281397A29D5AFBA00599E88 /* EventsList.swift */; };
		0281397E29D5C4EB00599E88 /* FeedbackRequest.swift in Sources */ = {isa = PBXBuildFile; fileRef = 0281397D29D5C4EB00599E88 /* FeedbackRequest.swift */; };
		0281398029D60EDA00599E88 /* FeedbackModel.swift in Sources */ = {isa = PBXBuildFile; fileRef = 0281397F29D60EDA00599E88 /* FeedbackModel.swift */; };
		02A5BF57296C875200FD171B /* ExploreEventsPage.swift in Sources */ = {isa = PBXBuildFile; fileRef = 02A5BF56296C875200FD171B /* ExploreEventsPage.swift */; };
		02A5BF59296DEBE600FD171B /* EventControlsView.swift in Sources */ = {isa = PBXBuildFile; fileRef = 02A5BF58296DEBE600FD171B /* EventControlsView.swift */; };
		02AF144E29D752A70050FEE2 /* HistoryPage.swift in Sources */ = {isa = PBXBuildFile; fileRef = 02AF144D29D752A70050FEE2 /* HistoryPage.swift */; };
		02BD4AD62971B5960056EF4F /* NewEventView.swift in Sources */ = {isa = PBXBuildFile; fileRef = 02BD4AD52971B5960056EF4F /* NewEventView.swift */; };
		02BD4AD82971B7280056EF4F /* EventView.swift in Sources */ = {isa = PBXBuildFile; fileRef = 02BD4AD72971B7280056EF4F /* EventView.swift */; };
		02BD4ADA2971CF300056EF4F /* EditEventView.swift in Sources */ = {isa = PBXBuildFile; fileRef = 02BD4AD92971CF300056EF4F /* EditEventView.swift */; };
		02BD4ADC2971D1940056EF4F /* ReadEventView.swift in Sources */ = {isa = PBXBuildFile; fileRef = 02BD4ADB2971D1940056EF4F /* ReadEventView.swift */; };
		02C8DD74296DF26E00CE0160 /* UserInfoModel.swift in Sources */ = {isa = PBXBuildFile; fileRef = 02C8DD73296DF26E00CE0160 /* UserInfoModel.swift */; };
		02DFA2B6298027FE00BACE8E /* SignUpModal.swift in Sources */ = {isa = PBXBuildFile; fileRef = 02DFA2B5298027FE00BACE8E /* SignUpModal.swift */; };
		02E27C2A29CB753C00D467B5 /* SignUpIntroduce.swift in Sources */ = {isa = PBXBuildFile; fileRef = 02E27C2929CB753C00D467B5 /* SignUpIntroduce.swift */; };
		02E57CF429DDC2700074A58C /* DidntGetVerificationEmail.swift in Sources */ = {isa = PBXBuildFile; fileRef = 02E57CF329DDC2700074A58C /* DidntGetVerificationEmail.swift */; };
		02F2D08229CCA8820010A692 /* CommentSection.swift in Sources */ = {isa = PBXBuildFile; fileRef = 02F2D08129CCA8820010A692 /* CommentSection.swift */; };
		02F2D08429CCA8B80010A692 /* CommentTestPage.swift in Sources */ = {isa = PBXBuildFile; fileRef = 02F2D08329CCA8B80010A692 /* CommentTestPage.swift */; };
		02F2D08629CCAB210010A692 /* CommentSectionObserver.swift in Sources */ = {isa = PBXBuildFile; fileRef = 02F2D08529CCAB210010A692 /* CommentSectionObserver.swift */; };
		02F2D08829CCABD90010A692 /* CommentModel.swift in Sources */ = {isa = PBXBuildFile; fileRef = 02F2D08729CCABD90010A692 /* CommentModel.swift */; };
		02F2D08C29CCB6F90010A692 /* Logger.swift in Sources */ = {isa = PBXBuildFile; fileRef = 02F2D08B29CCB6F90010A692 /* Logger.swift */; };
		02F2D08E29CCBF7B0010A692 /* Comment.swift in Sources */ = {isa = PBXBuildFile; fileRef = 02F2D08D29CCBF7B0010A692 /* Comment.swift */; };
		02F9DED429CA141C00B03CF9 /* credentials.plist in Resources */ = {isa = PBXBuildFile; fileRef = 02F9DED329CA141C00B03CF9 /* credentials.plist */; };
		02F9DED829CA24B900B03CF9 /* AuthenticationViewModel.swift in Sources */ = {isa = PBXBuildFile; fileRef = 02F9DED729CA24B900B03CF9 /* AuthenticationViewModel.swift */; };
/* End PBXBuildFile section */

/* Begin PBXContainerItemProxy section */
		024C64E42958AFAF00C6E581 /* PBXContainerItemProxy */ = {
			isa = PBXContainerItemProxy;
			containerPortal = 024C64CB2958AFAE00C6E581 /* Project object */;
			proxyType = 1;
			remoteGlobalIDString = 024C64D22958AFAE00C6E581;
			remoteInfo = Participants;
		};
		024C64EE2958AFAF00C6E581 /* PBXContainerItemProxy */ = {
			isa = PBXContainerItemProxy;
			containerPortal = 024C64CB2958AFAE00C6E581 /* Project object */;
			proxyType = 1;
			remoteGlobalIDString = 024C64D22958AFAE00C6E581;
			remoteInfo = Participants;
		};
/* End PBXContainerItemProxy section */

/* Begin PBXFileReference section */
		020F07052974454400AC8541 /* UserProfileView.swift */ = {isa = PBXFileReference; lastKnownFileType = sourcecode.swift; path = UserProfileView.swift; sourceTree = "<group>"; };
		0211625229A7F4A900930432 /* CompleteRegistrationModal.swift */ = {isa = PBXFileReference; lastKnownFileType = sourcecode.swift; path = CompleteRegistrationModal.swift; sourceTree = "<group>"; };
		024C172929D4C169003B09AD /* UIColor.swift */ = {isa = PBXFileReference; lastKnownFileType = sourcecode.swift; path = UIColor.swift; sourceTree = "<group>"; };
		024C64D32958AFAE00C6E581 /* Participants.app */ = {isa = PBXFileReference; explicitFileType = wrapper.application; includeInIndex = 0; path = Participants.app; sourceTree = BUILT_PRODUCTS_DIR; };
		024C64D62958AFAE00C6E581 /* ParticipantsApp.swift */ = {isa = PBXFileReference; lastKnownFileType = sourcecode.swift; path = ParticipantsApp.swift; sourceTree = "<group>"; };
		024C64D82958AFAE00C6E581 /* ContentView.swift */ = {isa = PBXFileReference; lastKnownFileType = sourcecode.swift; path = ContentView.swift; sourceTree = "<group>"; };
		024C64DA2958AFAF00C6E581 /* Assets.xcassets */ = {isa = PBXFileReference; lastKnownFileType = folder.assetcatalog; path = Assets.xcassets; sourceTree = "<group>"; };
		024C64DD2958AFAF00C6E581 /* Preview Assets.xcassets */ = {isa = PBXFileReference; lastKnownFileType = folder.assetcatalog; path = "Preview Assets.xcassets"; sourceTree = "<group>"; };
		024C64E32958AFAF00C6E581 /* ParticipantsTests.xctest */ = {isa = PBXFileReference; explicitFileType = wrapper.cfbundle; includeInIndex = 0; path = ParticipantsTests.xctest; sourceTree = BUILT_PRODUCTS_DIR; };
		024C64E72958AFAF00C6E581 /* ParticipantsTests.swift */ = {isa = PBXFileReference; lastKnownFileType = sourcecode.swift; path = ParticipantsTests.swift; sourceTree = "<group>"; };
		024C64ED2958AFAF00C6E581 /* ParticipantsUITests.xctest */ = {isa = PBXFileReference; explicitFileType = wrapper.cfbundle; includeInIndex = 0; path = ParticipantsUITests.xctest; sourceTree = BUILT_PRODUCTS_DIR; };
		024C64F12958AFAF00C6E581 /* ParticipantsUITests.swift */ = {isa = PBXFileReference; lastKnownFileType = sourcecode.swift; path = ParticipantsUITests.swift; sourceTree = "<group>"; };
		024C64F32958AFAF00C6E581 /* ParticipantsUITestsLaunchTests.swift */ = {isa = PBXFileReference; lastKnownFileType = sourcecode.swift; path = ParticipantsUITestsLaunchTests.swift; sourceTree = "<group>"; };
		024C65012958B20300C6E581 /* MyProfilePage.swift */ = {isa = PBXFileReference; lastKnownFileType = sourcecode.swift; path = MyProfilePage.swift; sourceTree = "<group>"; };
		024C65072958B49A00C6E581 /* CreateEventPage.swift */ = {isa = PBXFileReference; lastKnownFileType = sourcecode.swift; path = CreateEventPage.swift; sourceTree = "<group>"; };
		024C65092958B4B900C6E581 /* EventPage.swift */ = {isa = PBXFileReference; lastKnownFileType = sourcecode.swift; path = EventPage.swift; sourceTree = "<group>"; };
		024C650F2958B5A100C6E581 /* WelcomePage.swift */ = {isa = PBXFileReference; lastKnownFileType = sourcecode.swift; path = WelcomePage.swift; sourceTree = "<group>"; };
		024C65122958B68100C6E581 /* EventPreview.swift */ = {isa = PBXFileReference; lastKnownFileType = sourcecode.swift; path = EventPreview.swift; sourceTree = "<group>"; };
		024C651F29599E2D00C6E581 /* GoogleService-Info.plist */ = {isa = PBXFileReference; fileEncoding = 4; lastKnownFileType = text.plist.xml; path = "GoogleService-Info.plist"; sourceTree = "<group>"; };
		024C65302959A60F00C6E581 /* SignUpSignIn.swift */ = {isa = PBXFileReference; lastKnownFileType = sourcecode.swift; path = SignUpSignIn.swift; sourceTree = "<group>"; };
		024C6544295B75A300C6E581 /* Info.plist */ = {isa = PBXFileReference; lastKnownFileType = text.plist; path = Info.plist; sourceTree = "<group>"; };
		024C654B295F4B8000C6E581 /* UserManager.swift */ = {isa = PBXFileReference; lastKnownFileType = sourcecode.swift; path = UserManager.swift; sourceTree = "<group>"; };
		024C654F295F629800C6E581 /* EventManager.swift */ = {isa = PBXFileReference; lastKnownFileType = sourcecode.swift; path = EventManager.swift; sourceTree = "<group>"; };
		024C6551295F62D000C6E581 /* EventModel.swift */ = {isa = PBXFileReference; lastKnownFileType = sourcecode.swift; path = EventModel.swift; sourceTree = "<group>"; };
		0263DB7529DA08E7003AC52C /* FeedbackArea.swift */ = {isa = PBXFileReference; lastKnownFileType = sourcecode.swift; path = FeedbackArea.swift; sourceTree = "<group>"; };
		0263DB7729DA0C7D003AC52C /* FeedbacksObserver.swift */ = {isa = PBXFileReference; lastKnownFileType = sourcecode.swift; path = FeedbacksObserver.swift; sourceTree = "<group>"; };
		0267B10A29C4EA620011805E /* AuthGuardPage.swift */ = {isa = PBXFileReference; lastKnownFileType = sourcecode.swift; path = AuthGuardPage.swift; sourceTree = "<group>"; };
		027ECD7E29CF2C7E00E36A6C /* ViewBorders.swift */ = {isa = PBXFileReference; lastKnownFileType = sourcecode.swift; path = ViewBorders.swift; sourceTree = "<group>"; };
		027ECD8029CF7C7000E36A6C /* Comments.swift */ = {isa = PBXFileReference; lastKnownFileType = sourcecode.swift; path = Comments.swift; sourceTree = "<group>"; };
		0281397629D5A7B900599E88 /* MyPlansPage.swift */ = {isa = PBXFileReference; lastKnownFileType = sourcecode.swift; path = MyPlansPage.swift; sourceTree = "<group>"; };
		0281397829D5A7FB00599E88 /* PlansObserver.swift */ = {isa = PBXFileReference; lastKnownFileType = sourcecode.swift; path = PlansObserver.swift; sourceTree = "<group>"; };
		0281397A29D5AFBA00599E88 /* EventsList.swift */ = {isa = PBXFileReference; lastKnownFileType = sourcecode.swift; path = EventsList.swift; sourceTree = "<group>"; };
		0281397D29D5C4EB00599E88 /* FeedbackRequest.swift */ = {isa = PBXFileReference; lastKnownFileType = sourcecode.swift; path = FeedbackRequest.swift; sourceTree = "<group>"; };
		0281397F29D60EDA00599E88 /* FeedbackModel.swift */ = {isa = PBXFileReference; lastKnownFileType = sourcecode.swift; path = FeedbackModel.swift; sourceTree = "<group>"; };
		02A5BF56296C875200FD171B /* ExploreEventsPage.swift */ = {isa = PBXFileReference; lastKnownFileType = sourcecode.swift; path = ExploreEventsPage.swift; sourceTree = "<group>"; };
		02A5BF58296DEBE600FD171B /* EventControlsView.swift */ = {isa = PBXFileReference; lastKnownFileType = sourcecode.swift; path = EventControlsView.swift; sourceTree = "<group>"; };
		02AF144D29D752A70050FEE2 /* HistoryPage.swift */ = {isa = PBXFileReference; lastKnownFileType = sourcecode.swift; path = HistoryPage.swift; sourceTree = "<group>"; };
		02BD4AD52971B5960056EF4F /* NewEventView.swift */ = {isa = PBXFileReference; lastKnownFileType = sourcecode.swift; path = NewEventView.swift; sourceTree = "<group>"; };
		02BD4AD72971B7280056EF4F /* EventView.swift */ = {isa = PBXFileReference; lastKnownFileType = sourcecode.swift; path = EventView.swift; sourceTree = "<group>"; };
		02BD4AD92971CF300056EF4F /* EditEventView.swift */ = {isa = PBXFileReference; lastKnownFileType = sourcecode.swift; path = EditEventView.swift; sourceTree = "<group>"; };
		02BD4ADB2971D1940056EF4F /* ReadEventView.swift */ = {isa = PBXFileReference; lastKnownFileType = sourcecode.swift; path = ReadEventView.swift; sourceTree = "<group>"; };
		02C8DD73296DF26E00CE0160 /* UserInfoModel.swift */ = {isa = PBXFileReference; lastKnownFileType = sourcecode.swift; path = UserInfoModel.swift; sourceTree = "<group>"; };
		02DFA2B5298027FE00BACE8E /* SignUpModal.swift */ = {isa = PBXFileReference; lastKnownFileType = sourcecode.swift; path = SignUpModal.swift; sourceTree = "<group>"; };
		02E27C2929CB753C00D467B5 /* SignUpIntroduce.swift */ = {isa = PBXFileReference; lastKnownFileType = sourcecode.swift; path = SignUpIntroduce.swift; sourceTree = "<group>"; };
		02E57CF329DDC2700074A58C /* DidntGetVerificationEmail.swift */ = {isa = PBXFileReference; lastKnownFileType = sourcecode.swift; path = DidntGetVerificationEmail.swift; sourceTree = "<group>"; };
		02F2D08129CCA8820010A692 /* CommentSection.swift */ = {isa = PBXFileReference; lastKnownFileType = sourcecode.swift; path = CommentSection.swift; sourceTree = "<group>"; };
		02F2D08329CCA8B80010A692 /* CommentTestPage.swift */ = {isa = PBXFileReference; lastKnownFileType = sourcecode.swift; path = CommentTestPage.swift; sourceTree = "<group>"; };
		02F2D08529CCAB210010A692 /* CommentSectionObserver.swift */ = {isa = PBXFileReference; lastKnownFileType = sourcecode.swift; path = CommentSectionObserver.swift; sourceTree = "<group>"; };
		02F2D08729CCABD90010A692 /* CommentModel.swift */ = {isa = PBXFileReference; lastKnownFileType = sourcecode.swift; path = CommentModel.swift; sourceTree = "<group>"; };
		02F2D08B29CCB6F90010A692 /* Logger.swift */ = {isa = PBXFileReference; lastKnownFileType = sourcecode.swift; path = Logger.swift; sourceTree = "<group>"; };
		02F2D08D29CCBF7B0010A692 /* Comment.swift */ = {isa = PBXFileReference; lastKnownFileType = sourcecode.swift; path = Comment.swift; sourceTree = "<group>"; };
		02F9DED329CA141C00B03CF9 /* credentials.plist */ = {isa = PBXFileReference; fileEncoding = 4; lastKnownFileType = text.plist.xml; path = credentials.plist; sourceTree = "<group>"; };
		02F9DED729CA24B900B03CF9 /* AuthenticationViewModel.swift */ = {isa = PBXFileReference; lastKnownFileType = sourcecode.swift; path = AuthenticationViewModel.swift; sourceTree = "<group>"; };
/* End PBXFileReference section */

/* Begin PBXFrameworksBuildPhase section */
		024C64D02958AFAE00C6E581 /* Frameworks */ = {
			isa = PBXFrameworksBuildPhase;
			buildActionMask = 2147483647;
			files = (
				021E16BD295F690400CC85EA /* FirebaseDatabase in Frameworks */,
				021E16CB295F690400CC85EA /* FirebaseFunctionsCombine-Community in Frameworks */,
				021E16C3295F690400CC85EA /* FirebaseFirestore in Frameworks */,
				021E16AF295F690400CC85EA /* FirebaseAnalyticsSwift in Frameworks */,
				021E16AB295F690400CC85EA /* FirebaseAnalytics in Frameworks */,
				021E16AD295F690400CC85EA /* FirebaseAnalyticsOnDeviceConversion in Frameworks */,
				0266F3032970844C009F4F55 /* FormValidator in Frameworks */,
				021E16D3295F690400CC85EA /* FirebaseMLModelDownloader in Frameworks */,
				021E16C7295F690400CC85EA /* FirebaseFirestoreSwift in Frameworks */,
				021E16B3295F690400CC85EA /* FirebaseAppCheck in Frameworks */,
				021E16B1295F690400CC85EA /* FirebaseAnalyticsWithoutAdIdSupport in Frameworks */,
				0266F30029707A04009F4F55 /* RichTextKit in Frameworks */,
				0266F30629709539009F4F55 /* PopupView in Frameworks */,
				021E16B7295F690400CC85EA /* FirebaseAuth in Frameworks */,
				021E16BB295F690400CC85EA /* FirebaseCrashlytics in Frameworks */,
				021E16DB295F690400CC85EA /* FirebaseRemoteConfigSwift in Frameworks */,
				021E16CD295F690400CC85EA /* FirebaseInAppMessaging-Beta in Frameworks */,
				02444DFF29CA122F00CDBB8B /* GoogleSignIn in Frameworks */,
				021E16BF295F690400CC85EA /* FirebaseDatabaseSwift in Frameworks */,
				021E16C9295F690400CC85EA /* FirebaseFunctions in Frameworks */,
				021E16DF295F690400CC85EA /* FirebaseStorageCombine-Community in Frameworks */,
				02444E0129CA122F00CDBB8B /* GoogleSignInSwift in Frameworks */,
				021E16D9295F690400CC85EA /* FirebaseRemoteConfig in Frameworks */,
				021E16B5295F690400CC85EA /* FirebaseAppDistribution-Beta in Frameworks */,
				021E16B9295F690400CC85EA /* FirebaseAuthCombine-Community in Frameworks */,
				021E16D7295F690400CC85EA /* FirebasePerformance in Frameworks */,
				021E16CF295F690400CC85EA /* FirebaseInAppMessagingSwift-Beta in Frameworks */,
				021E16DD295F690400CC85EA /* FirebaseStorage in Frameworks */,
				021E16C1295F690400CC85EA /* FirebaseDynamicLinks in Frameworks */,
				021E16C5295F690400CC85EA /* FirebaseFirestoreCombine-Community in Frameworks */,
				021E16D5295F690400CC85EA /* FirebaseMessaging in Frameworks */,
				0266F30929709C91009F4F55 /* ConfettiSwiftUI in Frameworks */,
				021E16D1295F690400CC85EA /* FirebaseInstallations in Frameworks */,
			);
			runOnlyForDeploymentPostprocessing = 0;
		};
		024C64E02958AFAF00C6E581 /* Frameworks */ = {
			isa = PBXFrameworksBuildPhase;
			buildActionMask = 2147483647;
			files = (
			);
			runOnlyForDeploymentPostprocessing = 0;
		};
		024C64EA2958AFAF00C6E581 /* Frameworks */ = {
			isa = PBXFrameworksBuildPhase;
			buildActionMask = 2147483647;
			files = (
			);
			runOnlyForDeploymentPostprocessing = 0;
		};
/* End PBXFrameworksBuildPhase section */

/* Begin PBXGroup section */
		020F07002974336800AC8541 /* Events */ = {
			isa = PBXGroup;
			children = (
				024C6551295F62D000C6E581 /* EventModel.swift */,
				024C65122958B68100C6E581 /* EventPreview.swift */,
				02A5BF58296DEBE600FD171B /* EventControlsView.swift */,
				02BD4AD92971CF300056EF4F /* EditEventView.swift */,
				02BD4ADB2971D1940056EF4F /* ReadEventView.swift */,
				02BD4AD52971B5960056EF4F /* NewEventView.swift */,
				02BD4AD72971B7280056EF4F /* EventView.swift */,
				0281397829D5A7FB00599E88 /* PlansObserver.swift */,
				0281397A29D5AFBA00599E88 /* EventsList.swift */,
			);
			path = Events;
			sourceTree = "<group>";
		};
		020F0702297433B900AC8541 /* Users */ = {
			isa = PBXGroup;
			children = (
				02C8DD73296DF26E00CE0160 /* UserInfoModel.swift */,
				020F07052974454400AC8541 /* UserProfileView.swift */,
			);
			path = Users;
			sourceTree = "<group>";
		};
		024C172829D4C157003B09AD /* extensions */ = {
			isa = PBXGroup;
			children = (
				027ECD7E29CF2C7E00E36A6C /* ViewBorders.swift */,
				024C172929D4C169003B09AD /* UIColor.swift */,
			);
			path = extensions;
			sourceTree = "<group>";
		};
		024C64CA2958AFAE00C6E581 = {
			isa = PBXGroup;
			children = (
				024C64D52958AFAE00C6E581 /* Participants */,
				024C64E62958AFAF00C6E581 /* ParticipantsTests */,
				024C64F02958AFAF00C6E581 /* ParticipantsUITests */,
				024C64D42958AFAE00C6E581 /* Products */,
			);
			sourceTree = "<group>";
		};
		024C64D42958AFAE00C6E581 /* Products */ = {
			isa = PBXGroup;
			children = (
				024C64D32958AFAE00C6E581 /* Participants.app */,
				024C64E32958AFAF00C6E581 /* ParticipantsTests.xctest */,
				024C64ED2958AFAF00C6E581 /* ParticipantsUITests.xctest */,
			);
			name = Products;
			sourceTree = "<group>";
		};
		024C64D52958AFAE00C6E581 /* Participants */ = {
			isa = PBXGroup;
			children = (
				0281397C29D5C4C600599E88 /* Feedbacks */,
				024C172829D4C157003B09AD /* extensions */,
				02F2D08029CCA6950010A692 /* Comments */,
				02F9DED329CA141C00B03CF9 /* credentials.plist */,
				02DFA2B42980276000BACE8E /* Auth */,
				020F07002974336800AC8541 /* Events */,
				020F0702297433B900AC8541 /* Users */,
				024C6544295B75A300C6E581 /* Info.plist */,
				024C651F29599E2D00C6E581 /* GoogleService-Info.plist */,
				024C65002958B1CF00C6E581 /* Pages */,
				024C64D62958AFAE00C6E581 /* ParticipantsApp.swift */,
				024C64DA2958AFAF00C6E581 /* Assets.xcassets */,
				024C64DC2958AFAF00C6E581 /* Preview Content */,
				024C654B295F4B8000C6E581 /* UserManager.swift */,
				024C654F295F629800C6E581 /* EventManager.swift */,
				02F9DED729CA24B900B03CF9 /* AuthenticationViewModel.swift */,
				02F2D08B29CCB6F90010A692 /* Logger.swift */,
			);
			path = Participants;
			sourceTree = "<group>";
		};
		024C64DC2958AFAF00C6E581 /* Preview Content */ = {
			isa = PBXGroup;
			children = (
				024C64DD2958AFAF00C6E581 /* Preview Assets.xcassets */,
			);
			path = "Preview Content";
			sourceTree = "<group>";
		};
		024C64E62958AFAF00C6E581 /* ParticipantsTests */ = {
			isa = PBXGroup;
			children = (
				024C64E72958AFAF00C6E581 /* ParticipantsTests.swift */,
			);
			path = ParticipantsTests;
			sourceTree = "<group>";
		};
		024C64F02958AFAF00C6E581 /* ParticipantsUITests */ = {
			isa = PBXGroup;
			children = (
				024C64F12958AFAF00C6E581 /* ParticipantsUITests.swift */,
				024C64F32958AFAF00C6E581 /* ParticipantsUITestsLaunchTests.swift */,
			);
			path = ParticipantsUITests;
			sourceTree = "<group>";
		};
		024C65002958B1CF00C6E581 /* Pages */ = {
			isa = PBXGroup;
			children = (
				024C65012958B20300C6E581 /* MyProfilePage.swift */,
				024C65072958B49A00C6E581 /* CreateEventPage.swift */,
				024C65092958B4B900C6E581 /* EventPage.swift */,
				024C650F2958B5A100C6E581 /* WelcomePage.swift */,
				024C64D82958AFAE00C6E581 /* ContentView.swift */,
				02A5BF56296C875200FD171B /* ExploreEventsPage.swift */,
				0267B10A29C4EA620011805E /* AuthGuardPage.swift */,
				0281397629D5A7B900599E88 /* MyPlansPage.swift */,
				02AF144D29D752A70050FEE2 /* HistoryPage.swift */,
			);
			path = Pages;
			sourceTree = "<group>";
		};
		0281397C29D5C4C600599E88 /* Feedbacks */ = {
			isa = PBXGroup;
			children = (
				0281397D29D5C4EB00599E88 /* FeedbackRequest.swift */,
				0281397F29D60EDA00599E88 /* FeedbackModel.swift */,
				0263DB7529DA08E7003AC52C /* FeedbackArea.swift */,
				0263DB7729DA0C7D003AC52C /* FeedbacksObserver.swift */,
			);
			path = Feedbacks;
			sourceTree = "<group>";
		};
		02DFA2B42980276000BACE8E /* Auth */ = {
			isa = PBXGroup;
			children = (
				024C65302959A60F00C6E581 /* SignUpSignIn.swift */,
				02DFA2B5298027FE00BACE8E /* SignUpModal.swift */,
				0211625229A7F4A900930432 /* CompleteRegistrationModal.swift */,
				02E27C2929CB753C00D467B5 /* SignUpIntroduce.swift */,
				02E57CF329DDC2700074A58C /* DidntGetVerificationEmail.swift */,
			);
			path = Auth;
			sourceTree = "<group>";
		};
		02F2D08029CCA6950010A692 /* Comments */ = {
			isa = PBXGroup;
			children = (
				02F2D08129CCA8820010A692 /* CommentSection.swift */,
				02F2D08329CCA8B80010A692 /* CommentTestPage.swift */,
				02F2D08529CCAB210010A692 /* CommentSectionObserver.swift */,
				02F2D08729CCABD90010A692 /* CommentModel.swift */,
				02F2D08D29CCBF7B0010A692 /* Comment.swift */,
				027ECD8029CF7C7000E36A6C /* Comments.swift */,
			);
			path = Comments;
			sourceTree = "<group>";
		};
/* End PBXGroup section */

/* Begin PBXNativeTarget section */
		024C64D22958AFAE00C6E581 /* Participants */ = {
			isa = PBXNativeTarget;
			buildConfigurationList = 024C64F72958AFAF00C6E581 /* Build configuration list for PBXNativeTarget "Participants" */;
			buildPhases = (
				024C64CF2958AFAE00C6E581 /* Sources */,
				024C64D02958AFAE00C6E581 /* Frameworks */,
				024C64D12958AFAE00C6E581 /* Resources */,
			);
			buildRules = (
			);
			dependencies = (
			);
			name = Participants;
			packageProductDependencies = (
				021E16AA295F690400CC85EA /* FirebaseAnalytics */,
				021E16AC295F690400CC85EA /* FirebaseAnalyticsOnDeviceConversion */,
				021E16AE295F690400CC85EA /* FirebaseAnalyticsSwift */,
				021E16B0295F690400CC85EA /* FirebaseAnalyticsWithoutAdIdSupport */,
				021E16B2295F690400CC85EA /* FirebaseAppCheck */,
				021E16B4295F690400CC85EA /* FirebaseAppDistribution-Beta */,
				021E16B6295F690400CC85EA /* FirebaseAuth */,
				021E16B8295F690400CC85EA /* FirebaseAuthCombine-Community */,
				021E16BA295F690400CC85EA /* FirebaseCrashlytics */,
				021E16BC295F690400CC85EA /* FirebaseDatabase */,
				021E16BE295F690400CC85EA /* FirebaseDatabaseSwift */,
				021E16C0295F690400CC85EA /* FirebaseDynamicLinks */,
				021E16C2295F690400CC85EA /* FirebaseFirestore */,
				021E16C4295F690400CC85EA /* FirebaseFirestoreCombine-Community */,
				021E16C6295F690400CC85EA /* FirebaseFirestoreSwift */,
				021E16C8295F690400CC85EA /* FirebaseFunctions */,
				021E16CA295F690400CC85EA /* FirebaseFunctionsCombine-Community */,
				021E16CC295F690400CC85EA /* FirebaseInAppMessaging-Beta */,
				021E16CE295F690400CC85EA /* FirebaseInAppMessagingSwift-Beta */,
				021E16D0295F690400CC85EA /* FirebaseInstallations */,
				021E16D2295F690400CC85EA /* FirebaseMLModelDownloader */,
				021E16D4295F690400CC85EA /* FirebaseMessaging */,
				021E16D6295F690400CC85EA /* FirebasePerformance */,
				021E16D8295F690400CC85EA /* FirebaseRemoteConfig */,
				021E16DA295F690400CC85EA /* FirebaseRemoteConfigSwift */,
				021E16DC295F690400CC85EA /* FirebaseStorage */,
				021E16DE295F690400CC85EA /* FirebaseStorageCombine-Community */,
				0266F2FF29707A04009F4F55 /* RichTextKit */,
				0266F3022970844C009F4F55 /* FormValidator */,
				0266F30529709539009F4F55 /* PopupView */,
				0266F30829709C91009F4F55 /* ConfettiSwiftUI */,
				02444DFE29CA122F00CDBB8B /* GoogleSignIn */,
				02444E0029CA122F00CDBB8B /* GoogleSignInSwift */,
			);
			productName = Participants;
			productReference = 024C64D32958AFAE00C6E581 /* Participants.app */;
			productType = "com.apple.product-type.application";
		};
		024C64E22958AFAF00C6E581 /* ParticipantsTests */ = {
			isa = PBXNativeTarget;
			buildConfigurationList = 024C64FA2958AFAF00C6E581 /* Build configuration list for PBXNativeTarget "ParticipantsTests" */;
			buildPhases = (
				024C64DF2958AFAF00C6E581 /* Sources */,
				024C64E02958AFAF00C6E581 /* Frameworks */,
				024C64E12958AFAF00C6E581 /* Resources */,
			);
			buildRules = (
			);
			dependencies = (
				024C64E52958AFAF00C6E581 /* PBXTargetDependency */,
			);
			name = ParticipantsTests;
			productName = ParticipantsTests;
			productReference = 024C64E32958AFAF00C6E581 /* ParticipantsTests.xctest */;
			productType = "com.apple.product-type.bundle.unit-test";
		};
		024C64EC2958AFAF00C6E581 /* ParticipantsUITests */ = {
			isa = PBXNativeTarget;
			buildConfigurationList = 024C64FD2958AFAF00C6E581 /* Build configuration list for PBXNativeTarget "ParticipantsUITests" */;
			buildPhases = (
				024C64E92958AFAF00C6E581 /* Sources */,
				024C64EA2958AFAF00C6E581 /* Frameworks */,
				024C64EB2958AFAF00C6E581 /* Resources */,
			);
			buildRules = (
			);
			dependencies = (
				024C64EF2958AFAF00C6E581 /* PBXTargetDependency */,
			);
			name = ParticipantsUITests;
			productName = ParticipantsUITests;
			productReference = 024C64ED2958AFAF00C6E581 /* ParticipantsUITests.xctest */;
			productType = "com.apple.product-type.bundle.ui-testing";
		};
/* End PBXNativeTarget section */

/* Begin PBXProject section */
		024C64CB2958AFAE00C6E581 /* Project object */ = {
			isa = PBXProject;
			attributes = {
				BuildIndependentTargetsInParallel = 1;
				LastSwiftUpdateCheck = 1420;
				LastUpgradeCheck = 1420;
				TargetAttributes = {
					024C64D22958AFAE00C6E581 = {
						CreatedOnToolsVersion = 14.2;
					};
					024C64E22958AFAF00C6E581 = {
						CreatedOnToolsVersion = 14.2;
						TestTargetID = 024C64D22958AFAE00C6E581;
					};
					024C64EC2958AFAF00C6E581 = {
						CreatedOnToolsVersion = 14.2;
						TestTargetID = 024C64D22958AFAE00C6E581;
					};
				};
			};
			buildConfigurationList = 024C64CE2958AFAE00C6E581 /* Build configuration list for PBXProject "Easy Meets" */;
			compatibilityVersion = "Xcode 14.0";
			developmentRegion = en;
			hasScannedForEncodings = 0;
			knownRegions = (
				en,
				Base,
			);
			mainGroup = 024C64CA2958AFAE00C6E581;
			packageReferences = (
				021E16A9295F690400CC85EA /* XCRemoteSwiftPackageReference "firebase-ios-sdk" */,
				0266F2FE29707A03009F4F55 /* XCRemoteSwiftPackageReference "RichTextKit" */,
				0266F3012970844C009F4F55 /* XCRemoteSwiftPackageReference "SwiftUIFormValidator" */,
				0266F30429709539009F4F55 /* XCRemoteSwiftPackageReference "PopupView" */,
				0266F30729709C91009F4F55 /* XCRemoteSwiftPackageReference "ConfettiSwiftUI" */,
				02444DFD29CA122F00CDBB8B /* XCRemoteSwiftPackageReference "GoogleSignIn-iOS" */,
			);
			productRefGroup = 024C64D42958AFAE00C6E581 /* Products */;
			projectDirPath = "";
			projectRoot = "";
			targets = (
				024C64D22958AFAE00C6E581 /* Participants */,
				024C64E22958AFAF00C6E581 /* ParticipantsTests */,
				024C64EC2958AFAF00C6E581 /* ParticipantsUITests */,
			);
		};
/* End PBXProject section */

/* Begin PBXResourcesBuildPhase section */
		024C64D12958AFAE00C6E581 /* Resources */ = {
			isa = PBXResourcesBuildPhase;
			buildActionMask = 2147483647;
			files = (
				024C64DE2958AFAF00C6E581 /* Preview Assets.xcassets in Resources */,
				02F9DED429CA141C00B03CF9 /* credentials.plist in Resources */,
				024C652029599E2D00C6E581 /* GoogleService-Info.plist in Resources */,
				024C64DB2958AFAF00C6E581 /* Assets.xcassets in Resources */,
			);
			runOnlyForDeploymentPostprocessing = 0;
		};
		024C64E12958AFAF00C6E581 /* Resources */ = {
			isa = PBXResourcesBuildPhase;
			buildActionMask = 2147483647;
			files = (
			);
			runOnlyForDeploymentPostprocessing = 0;
		};
		024C64EB2958AFAF00C6E581 /* Resources */ = {
			isa = PBXResourcesBuildPhase;
			buildActionMask = 2147483647;
			files = (
			);
			runOnlyForDeploymentPostprocessing = 0;
		};
/* End PBXResourcesBuildPhase section */

/* Begin PBXSourcesBuildPhase section */
		024C64CF2958AFAE00C6E581 /* Sources */ = {
			isa = PBXSourcesBuildPhase;
			buildActionMask = 2147483647;
			files = (
				0281397929D5A7FB00599E88 /* PlansObserver.swift in Sources */,
				024C6550295F629800C6E581 /* EventManager.swift in Sources */,
				024C65082958B49A00C6E581 /* CreateEventPage.swift in Sources */,
				02F9DED829CA24B900B03CF9 /* AuthenticationViewModel.swift in Sources */,
				0267B10B29C4EA620011805E /* AuthGuardPage.swift in Sources */,
				0263DB7829DA0C7D003AC52C /* FeedbacksObserver.swift in Sources */,
				02F2D08829CCABD90010A692 /* CommentModel.swift in Sources */,
				02E27C2A29CB753C00D467B5 /* SignUpIntroduce.swift in Sources */,
				024C654C295F4B8000C6E581 /* UserManager.swift in Sources */,
				024C6552295F62D000C6E581 /* EventModel.swift in Sources */,
				02BD4AD82971B7280056EF4F /* EventView.swift in Sources */,
				02BD4AD62971B5960056EF4F /* NewEventView.swift in Sources */,
				0263DB7629DA08E7003AC52C /* FeedbackArea.swift in Sources */,
				02DFA2B6298027FE00BACE8E /* SignUpModal.swift in Sources */,
				0281397E29D5C4EB00599E88 /* FeedbackRequest.swift in Sources */,
				024C65312959A60F00C6E581 /* SignUpSignIn.swift in Sources */,
				024C65132958B68100C6E581 /* EventPreview.swift in Sources */,
				02BD4ADA2971CF300056EF4F /* EditEventView.swift in Sources */,
				024C65102958B5A100C6E581 /* WelcomePage.swift in Sources */,
				0281397B29D5AFBA00599E88 /* EventsList.swift in Sources */,
				02AF144E29D752A70050FEE2 /* HistoryPage.swift in Sources */,
				024C64D92958AFAE00C6E581 /* ContentView.swift in Sources */,
				02E57CF429DDC2700074A58C /* DidntGetVerificationEmail.swift in Sources */,
				020F07062974454400AC8541 /* UserProfileView.swift in Sources */,
				02BD4ADC2971D1940056EF4F /* ReadEventView.swift in Sources */,
				02A5BF57296C875200FD171B /* ExploreEventsPage.swift in Sources */,
				024C650A2958B4B900C6E581 /* EventPage.swift in Sources */,
				02F2D08429CCA8B80010A692 /* CommentTestPage.swift in Sources */,
				0281397729D5A7B900599E88 /* MyPlansPage.swift in Sources */,
				02C8DD74296DF26E00CE0160 /* UserInfoModel.swift in Sources */,
				024C172A29D4C169003B09AD /* UIColor.swift in Sources */,
				0211625329A7F4A900930432 /* CompleteRegistrationModal.swift in Sources */,
				027ECD7F29CF2C7E00E36A6C /* ViewBorders.swift in Sources */,
				02F2D08629CCAB210010A692 /* CommentSectionObserver.swift in Sources */,
				027ECD8129CF7C7000E36A6C /* Comments.swift in Sources */,
				02F2D08E29CCBF7B0010A692 /* Comment.swift in Sources */,
				02F2D08C29CCB6F90010A692 /* Logger.swift in Sources */,
				024C65022958B20300C6E581 /* MyProfilePage.swift in Sources */,
				0281398029D60EDA00599E88 /* FeedbackModel.swift in Sources */,
				02F2D08229CCA8820010A692 /* CommentSection.swift in Sources */,
				024C64D72958AFAE00C6E581 /* ParticipantsApp.swift in Sources */,
				02A5BF59296DEBE600FD171B /* EventControlsView.swift in Sources */,
			);
			runOnlyForDeploymentPostprocessing = 0;
		};
		024C64DF2958AFAF00C6E581 /* Sources */ = {
			isa = PBXSourcesBuildPhase;
			buildActionMask = 2147483647;
			files = (
				024C64E82958AFAF00C6E581 /* ParticipantsTests.swift in Sources */,
			);
			runOnlyForDeploymentPostprocessing = 0;
		};
		024C64E92958AFAF00C6E581 /* Sources */ = {
			isa = PBXSourcesBuildPhase;
			buildActionMask = 2147483647;
			files = (
				024C64F42958AFAF00C6E581 /* ParticipantsUITestsLaunchTests.swift in Sources */,
				024C64F22958AFAF00C6E581 /* ParticipantsUITests.swift in Sources */,
			);
			runOnlyForDeploymentPostprocessing = 0;
		};
/* End PBXSourcesBuildPhase section */

/* Begin PBXTargetDependency section */
		024C64E52958AFAF00C6E581 /* PBXTargetDependency */ = {
			isa = PBXTargetDependency;
			target = 024C64D22958AFAE00C6E581 /* Participants */;
			targetProxy = 024C64E42958AFAF00C6E581 /* PBXContainerItemProxy */;
		};
		024C64EF2958AFAF00C6E581 /* PBXTargetDependency */ = {
			isa = PBXTargetDependency;
			target = 024C64D22958AFAE00C6E581 /* Participants */;
			targetProxy = 024C64EE2958AFAF00C6E581 /* PBXContainerItemProxy */;
		};
/* End PBXTargetDependency section */

/* Begin XCBuildConfiguration section */
		024C64F52958AFAF00C6E581 /* Debug */ = {
			isa = XCBuildConfiguration;
			buildSettings = {
				ALWAYS_SEARCH_USER_PATHS = NO;
				CLANG_ANALYZER_NONNULL = YES;
				CLANG_ANALYZER_NUMBER_OBJECT_CONVERSION = YES_AGGRESSIVE;
				CLANG_CXX_LANGUAGE_STANDARD = "gnu++20";
				CLANG_ENABLE_MODULES = YES;
				CLANG_ENABLE_OBJC_ARC = YES;
				CLANG_ENABLE_OBJC_WEAK = YES;
				CLANG_WARN_BLOCK_CAPTURE_AUTORELEASING = YES;
				CLANG_WARN_BOOL_CONVERSION = YES;
				CLANG_WARN_COMMA = YES;
				CLANG_WARN_CONSTANT_CONVERSION = YES;
				CLANG_WARN_DEPRECATED_OBJC_IMPLEMENTATIONS = YES;
				CLANG_WARN_DIRECT_OBJC_ISA_USAGE = YES_ERROR;
				CLANG_WARN_DOCUMENTATION_COMMENTS = YES;
				CLANG_WARN_EMPTY_BODY = YES;
				CLANG_WARN_ENUM_CONVERSION = YES;
				CLANG_WARN_INFINITE_RECURSION = YES;
				CLANG_WARN_INT_CONVERSION = YES;
				CLANG_WARN_NON_LITERAL_NULL_CONVERSION = YES;
				CLANG_WARN_OBJC_IMPLICIT_RETAIN_SELF = YES;
				CLANG_WARN_OBJC_LITERAL_CONVERSION = YES;
				CLANG_WARN_OBJC_ROOT_CLASS = YES_ERROR;
				CLANG_WARN_QUOTED_INCLUDE_IN_FRAMEWORK_HEADER = YES;
				CLANG_WARN_RANGE_LOOP_ANALYSIS = YES;
				CLANG_WARN_STRICT_PROTOTYPES = YES;
				CLANG_WARN_SUSPICIOUS_MOVE = YES;
				CLANG_WARN_UNGUARDED_AVAILABILITY = YES_AGGRESSIVE;
				CLANG_WARN_UNREACHABLE_CODE = YES;
				CLANG_WARN__DUPLICATE_METHOD_MATCH = YES;
				COPY_PHASE_STRIP = NO;
				DEBUG_INFORMATION_FORMAT = dwarf;
				ENABLE_STRICT_OBJC_MSGSEND = YES;
				ENABLE_TESTABILITY = YES;
				GCC_C_LANGUAGE_STANDARD = gnu11;
				GCC_DYNAMIC_NO_PIC = NO;
				GCC_NO_COMMON_BLOCKS = YES;
				GCC_OPTIMIZATION_LEVEL = 0;
				GCC_PREPROCESSOR_DEFINITIONS = (
					"DEBUG=1",
					"$(inherited)",
				);
				GCC_WARN_64_TO_32_BIT_CONVERSION = YES;
				GCC_WARN_ABOUT_RETURN_TYPE = YES_ERROR;
				GCC_WARN_UNDECLARED_SELECTOR = YES;
				GCC_WARN_UNINITIALIZED_AUTOS = YES_AGGRESSIVE;
				GCC_WARN_UNUSED_FUNCTION = YES;
				GCC_WARN_UNUSED_VARIABLE = YES;
				IPHONEOS_DEPLOYMENT_TARGET = 16.2;
				MTL_ENABLE_DEBUG_INFO = INCLUDE_SOURCE;
				MTL_FAST_MATH = YES;
				ONLY_ACTIVE_ARCH = YES;
				SDKROOT = iphoneos;
				SWIFT_ACTIVE_COMPILATION_CONDITIONS = DEBUG;
				SWIFT_OPTIMIZATION_LEVEL = "-Onone";
			};
			name = Debug;
		};
		024C64F62958AFAF00C6E581 /* Release */ = {
			isa = XCBuildConfiguration;
			buildSettings = {
				ALWAYS_SEARCH_USER_PATHS = NO;
				CLANG_ANALYZER_NONNULL = YES;
				CLANG_ANALYZER_NUMBER_OBJECT_CONVERSION = YES_AGGRESSIVE;
				CLANG_CXX_LANGUAGE_STANDARD = "gnu++20";
				CLANG_ENABLE_MODULES = YES;
				CLANG_ENABLE_OBJC_ARC = YES;
				CLANG_ENABLE_OBJC_WEAK = YES;
				CLANG_WARN_BLOCK_CAPTURE_AUTORELEASING = YES;
				CLANG_WARN_BOOL_CONVERSION = YES;
				CLANG_WARN_COMMA = YES;
				CLANG_WARN_CONSTANT_CONVERSION = YES;
				CLANG_WARN_DEPRECATED_OBJC_IMPLEMENTATIONS = YES;
				CLANG_WARN_DIRECT_OBJC_ISA_USAGE = YES_ERROR;
				CLANG_WARN_DOCUMENTATION_COMMENTS = YES;
				CLANG_WARN_EMPTY_BODY = YES;
				CLANG_WARN_ENUM_CONVERSION = YES;
				CLANG_WARN_INFINITE_RECURSION = YES;
				CLANG_WARN_INT_CONVERSION = YES;
				CLANG_WARN_NON_LITERAL_NULL_CONVERSION = YES;
				CLANG_WARN_OBJC_IMPLICIT_RETAIN_SELF = YES;
				CLANG_WARN_OBJC_LITERAL_CONVERSION = YES;
				CLANG_WARN_OBJC_ROOT_CLASS = YES_ERROR;
				CLANG_WARN_QUOTED_INCLUDE_IN_FRAMEWORK_HEADER = YES;
				CLANG_WARN_RANGE_LOOP_ANALYSIS = YES;
				CLANG_WARN_STRICT_PROTOTYPES = YES;
				CLANG_WARN_SUSPICIOUS_MOVE = YES;
				CLANG_WARN_UNGUARDED_AVAILABILITY = YES_AGGRESSIVE;
				CLANG_WARN_UNREACHABLE_CODE = YES;
				CLANG_WARN__DUPLICATE_METHOD_MATCH = YES;
				COPY_PHASE_STRIP = NO;
				DEBUG_INFORMATION_FORMAT = "dwarf-with-dsym";
				ENABLE_NS_ASSERTIONS = NO;
				ENABLE_STRICT_OBJC_MSGSEND = YES;
				GCC_C_LANGUAGE_STANDARD = gnu11;
				GCC_NO_COMMON_BLOCKS = YES;
				GCC_WARN_64_TO_32_BIT_CONVERSION = YES;
				GCC_WARN_ABOUT_RETURN_TYPE = YES_ERROR;
				GCC_WARN_UNDECLARED_SELECTOR = YES;
				GCC_WARN_UNINITIALIZED_AUTOS = YES_AGGRESSIVE;
				GCC_WARN_UNUSED_FUNCTION = YES;
				GCC_WARN_UNUSED_VARIABLE = YES;
				IPHONEOS_DEPLOYMENT_TARGET = 16.2;
				MTL_ENABLE_DEBUG_INFO = NO;
				MTL_FAST_MATH = YES;
				SDKROOT = iphoneos;
				SWIFT_COMPILATION_MODE = wholemodule;
				SWIFT_OPTIMIZATION_LEVEL = "-O";
				VALIDATE_PRODUCT = YES;
			};
			name = Release;
		};
		024C64F82958AFAF00C6E581 /* Debug */ = {
			isa = XCBuildConfiguration;
			buildSettings = {
				ASSETCATALOG_COMPILER_APPICON_NAME = AppIcon;
				ASSETCATALOG_COMPILER_GLOBAL_ACCENT_COLOR_NAME = AccentColor;
				CODE_SIGN_STYLE = Automatic;
				CURRENT_PROJECT_VERSION = 1;
				DEVELOPMENT_ASSET_PATHS = "\"Participants/Preview Content\"";
				DEVELOPMENT_TEAM = 96WPV59V4Z;
				ENABLE_PREVIEWS = YES;
				GENERATE_INFOPLIST_FILE = YES;
				INFOPLIST_FILE = Participants/Info.plist;
				INFOPLIST_KEY_NSLocationWhenInUseUsageDescription = "Allow access to location?";
				INFOPLIST_KEY_UIApplicationSceneManifest_Generation = YES;
				INFOPLIST_KEY_UIApplicationSupportsIndirectInputEvents = YES;
				INFOPLIST_KEY_UILaunchScreen_Generation = YES;
				INFOPLIST_KEY_UISupportedInterfaceOrientations_iPad = "UIInterfaceOrientationPortrait UIInterfaceOrientationPortraitUpsideDown UIInterfaceOrientationLandscapeLeft UIInterfaceOrientationLandscapeRight";
				INFOPLIST_KEY_UISupportedInterfaceOrientations_iPhone = "UIInterfaceOrientationPortrait UIInterfaceOrientationLandscapeLeft UIInterfaceOrientationLandscapeRight";
				LD_RUNPATH_SEARCH_PATHS = (
					"$(inherited)",
					"@executable_path/Frameworks",
				);
				MARKETING_VERSION = 1.0;
				PRODUCT_BUNDLE_IDENTIFIER = com.augustbright.EasyMeets;
				PRODUCT_NAME = "$(TARGET_NAME)";
				SWIFT_EMIT_LOC_STRINGS = YES;
				SWIFT_VERSION = 5.0;
				TARGETED_DEVICE_FAMILY = "1,2";
			};
			name = Debug;
		};
		024C64F92958AFAF00C6E581 /* Release */ = {
			isa = XCBuildConfiguration;
			buildSettings = {
				ASSETCATALOG_COMPILER_APPICON_NAME = AppIcon;
				ASSETCATALOG_COMPILER_GLOBAL_ACCENT_COLOR_NAME = AccentColor;
				CODE_SIGN_STYLE = Automatic;
				CURRENT_PROJECT_VERSION = 1;
				DEVELOPMENT_ASSET_PATHS = "\"Participants/Preview Content\"";
				DEVELOPMENT_TEAM = 96WPV59V4Z;
				ENABLE_PREVIEWS = YES;
				GENERATE_INFOPLIST_FILE = YES;
				INFOPLIST_FILE = Participants/Info.plist;
				INFOPLIST_KEY_NSLocationWhenInUseUsageDescription = "Allow access to location?";
				INFOPLIST_KEY_UIApplicationSceneManifest_Generation = YES;
				INFOPLIST_KEY_UIApplicationSupportsIndirectInputEvents = YES;
				INFOPLIST_KEY_UILaunchScreen_Generation = YES;
				INFOPLIST_KEY_UISupportedInterfaceOrientations_iPad = "UIInterfaceOrientationPortrait UIInterfaceOrientationPortraitUpsideDown UIInterfaceOrientationLandscapeLeft UIInterfaceOrientationLandscapeRight";
				INFOPLIST_KEY_UISupportedInterfaceOrientations_iPhone = "UIInterfaceOrientationPortrait UIInterfaceOrientationLandscapeLeft UIInterfaceOrientationLandscapeRight";
				LD_RUNPATH_SEARCH_PATHS = (
					"$(inherited)",
					"@executable_path/Frameworks",
				);
				MARKETING_VERSION = 1.0;
				PRODUCT_BUNDLE_IDENTIFIER = com.augustbright.EasyMeets;
				PRODUCT_NAME = "$(TARGET_NAME)";
				SWIFT_EMIT_LOC_STRINGS = YES;
				SWIFT_VERSION = 5.0;
				TARGETED_DEVICE_FAMILY = "1,2";
			};
			name = Release;
		};
		024C64FB2958AFAF00C6E581 /* Debug */ = {
			isa = XCBuildConfiguration;
			buildSettings = {
				ALWAYS_EMBED_SWIFT_STANDARD_LIBRARIES = YES;
				BUNDLE_LOADER = "$(TEST_HOST)";
				CODE_SIGN_STYLE = Automatic;
				CURRENT_PROJECT_VERSION = 1;
				DEVELOPMENT_TEAM = 96WPV59V4Z;
				GENERATE_INFOPLIST_FILE = YES;
				IPHONEOS_DEPLOYMENT_TARGET = 16.2;
				MARKETING_VERSION = 1.0;
				PRODUCT_BUNDLE_IDENTIFIER = com.augustbright.ParticipantsTests;
				PRODUCT_NAME = "$(TARGET_NAME)";
				SWIFT_EMIT_LOC_STRINGS = NO;
				SWIFT_VERSION = 5.0;
				TARGETED_DEVICE_FAMILY = "1,2";
				TEST_HOST = "$(BUILT_PRODUCTS_DIR)/Participants.app/$(BUNDLE_EXECUTABLE_FOLDER_PATH)/Participants";
			};
			name = Debug;
		};
		024C64FC2958AFAF00C6E581 /* Release */ = {
			isa = XCBuildConfiguration;
			buildSettings = {
				ALWAYS_EMBED_SWIFT_STANDARD_LIBRARIES = YES;
				BUNDLE_LOADER = "$(TEST_HOST)";
				CODE_SIGN_STYLE = Automatic;
				CURRENT_PROJECT_VERSION = 1;
				DEVELOPMENT_TEAM = 96WPV59V4Z;
				GENERATE_INFOPLIST_FILE = YES;
				IPHONEOS_DEPLOYMENT_TARGET = 16.2;
				MARKETING_VERSION = 1.0;
				PRODUCT_BUNDLE_IDENTIFIER = com.augustbright.ParticipantsTests;
				PRODUCT_NAME = "$(TARGET_NAME)";
				SWIFT_EMIT_LOC_STRINGS = NO;
				SWIFT_VERSION = 5.0;
				TARGETED_DEVICE_FAMILY = "1,2";
				TEST_HOST = "$(BUILT_PRODUCTS_DIR)/Participants.app/$(BUNDLE_EXECUTABLE_FOLDER_PATH)/Participants";
			};
			name = Release;
		};
		024C64FE2958AFAF00C6E581 /* Debug */ = {
			isa = XCBuildConfiguration;
			buildSettings = {
				ALWAYS_EMBED_SWIFT_STANDARD_LIBRARIES = YES;
				CODE_SIGN_STYLE = Automatic;
				CURRENT_PROJECT_VERSION = 1;
				DEVELOPMENT_TEAM = 96WPV59V4Z;
				GENERATE_INFOPLIST_FILE = YES;
				MARKETING_VERSION = 1.0;
				PRODUCT_BUNDLE_IDENTIFIER = com.augustbright.ParticipantsUITests;
				PRODUCT_NAME = "$(TARGET_NAME)";
				SWIFT_EMIT_LOC_STRINGS = NO;
				SWIFT_VERSION = 5.0;
				TARGETED_DEVICE_FAMILY = "1,2";
				TEST_TARGET_NAME = Participants;
			};
			name = Debug;
		};
		024C64FF2958AFAF00C6E581 /* Release */ = {
			isa = XCBuildConfiguration;
			buildSettings = {
				ALWAYS_EMBED_SWIFT_STANDARD_LIBRARIES = YES;
				CODE_SIGN_STYLE = Automatic;
				CURRENT_PROJECT_VERSION = 1;
				DEVELOPMENT_TEAM = 96WPV59V4Z;
				GENERATE_INFOPLIST_FILE = YES;
				MARKETING_VERSION = 1.0;
				PRODUCT_BUNDLE_IDENTIFIER = com.augustbright.ParticipantsUITests;
				PRODUCT_NAME = "$(TARGET_NAME)";
				SWIFT_EMIT_LOC_STRINGS = NO;
				SWIFT_VERSION = 5.0;
				TARGETED_DEVICE_FAMILY = "1,2";
				TEST_TARGET_NAME = Participants;
			};
			name = Release;
		};
/* End XCBuildConfiguration section */

/* Begin XCConfigurationList section */
		024C64CE2958AFAE00C6E581 /* Build configuration list for PBXProject "Easy Meets" */ = {
			isa = XCConfigurationList;
			buildConfigurations = (
				024C64F52958AFAF00C6E581 /* Debug */,
				024C64F62958AFAF00C6E581 /* Release */,
			);
			defaultConfigurationIsVisible = 0;
			defaultConfigurationName = Release;
		};
		024C64F72958AFAF00C6E581 /* Build configuration list for PBXNativeTarget "Participants" */ = {
			isa = XCConfigurationList;
			buildConfigurations = (
				024C64F82958AFAF00C6E581 /* Debug */,
				024C64F92958AFAF00C6E581 /* Release */,
			);
			defaultConfigurationIsVisible = 0;
			defaultConfigurationName = Release;
		};
		024C64FA2958AFAF00C6E581 /* Build configuration list for PBXNativeTarget "ParticipantsTests" */ = {
			isa = XCConfigurationList;
			buildConfigurations = (
				024C64FB2958AFAF00C6E581 /* Debug */,
				024C64FC2958AFAF00C6E581 /* Release */,
			);
			defaultConfigurationIsVisible = 0;
			defaultConfigurationName = Release;
		};
		024C64FD2958AFAF00C6E581 /* Build configuration list for PBXNativeTarget "ParticipantsUITests" */ = {
			isa = XCConfigurationList;
			buildConfigurations = (
				024C64FE2958AFAF00C6E581 /* Debug */,
				024C64FF2958AFAF00C6E581 /* Release */,
			);
			defaultConfigurationIsVisible = 0;
			defaultConfigurationName = Release;
		};
/* End XCConfigurationList section */

/* Begin XCRemoteSwiftPackageReference section */
		021E16A9295F690400CC85EA /* XCRemoteSwiftPackageReference "firebase-ios-sdk" */ = {
			isa = XCRemoteSwiftPackageReference;
			repositoryURL = "https://github.com/firebase/firebase-ios-sdk";
			requirement = {
				branch = master;
				kind = branch;
			};
		};
		02444DFD29CA122F00CDBB8B /* XCRemoteSwiftPackageReference "GoogleSignIn-iOS" */ = {
			isa = XCRemoteSwiftPackageReference;
			repositoryURL = "https://github.com/google/GoogleSignIn-iOS";
			requirement = {
				kind = upToNextMajorVersion;
				minimumVersion = 7.0.0;
			};
		};
		0266F2FE29707A03009F4F55 /* XCRemoteSwiftPackageReference "RichTextKit" */ = {
			isa = XCRemoteSwiftPackageReference;
			repositoryURL = "https://github.com/danielsaidi/RichTextKit.git";
			requirement = {
				kind = upToNextMajorVersion;
				minimumVersion = 0.4.0;
			};
		};
		0266F3012970844C009F4F55 /* XCRemoteSwiftPackageReference "SwiftUIFormValidator" */ = {
			isa = XCRemoteSwiftPackageReference;
			repositoryURL = "https://github.com/ShabanKamell/SwiftUIFormValidator.git";
			requirement = {
				kind = upToNextMajorVersion;
				minimumVersion = 0.9.0;
			};
		};
		0266F30429709539009F4F55 /* XCRemoteSwiftPackageReference "PopupView" */ = {
			isa = XCRemoteSwiftPackageReference;
			repositoryURL = "https://github.com/exyte/PopupView.git";
			requirement = {
				kind = upToNextMajorVersion;
				minimumVersion = 2.0.0;
			};
		};
		0266F30729709C91009F4F55 /* XCRemoteSwiftPackageReference "ConfettiSwiftUI" */ = {
			isa = XCRemoteSwiftPackageReference;
			repositoryURL = "https://github.com/simibac/ConfettiSwiftUI.git";
			requirement = {
				kind = upToNextMajorVersion;
				minimumVersion = 1.0.0;
			};
		};
/* End XCRemoteSwiftPackageReference section */

/* Begin XCSwiftPackageProductDependency section */
		021E16AA295F690400CC85EA /* FirebaseAnalytics */ = {
			isa = XCSwiftPackageProductDependency;
			package = 021E16A9295F690400CC85EA /* XCRemoteSwiftPackageReference "firebase-ios-sdk" */;
			productName = FirebaseAnalytics;
		};
		021E16AC295F690400CC85EA /* FirebaseAnalyticsOnDeviceConversion */ = {
			isa = XCSwiftPackageProductDependency;
			package = 021E16A9295F690400CC85EA /* XCRemoteSwiftPackageReference "firebase-ios-sdk" */;
			productName = FirebaseAnalyticsOnDeviceConversion;
		};
		021E16AE295F690400CC85EA /* FirebaseAnalyticsSwift */ = {
			isa = XCSwiftPackageProductDependency;
			package = 021E16A9295F690400CC85EA /* XCRemoteSwiftPackageReference "firebase-ios-sdk" */;
			productName = FirebaseAnalyticsSwift;
		};
		021E16B0295F690400CC85EA /* FirebaseAnalyticsWithoutAdIdSupport */ = {
			isa = XCSwiftPackageProductDependency;
			package = 021E16A9295F690400CC85EA /* XCRemoteSwiftPackageReference "firebase-ios-sdk" */;
			productName = FirebaseAnalyticsWithoutAdIdSupport;
		};
		021E16B2295F690400CC85EA /* FirebaseAppCheck */ = {
			isa = XCSwiftPackageProductDependency;
			package = 021E16A9295F690400CC85EA /* XCRemoteSwiftPackageReference "firebase-ios-sdk" */;
			productName = FirebaseAppCheck;
		};
		021E16B4295F690400CC85EA /* FirebaseAppDistribution-Beta */ = {
			isa = XCSwiftPackageProductDependency;
			package = 021E16A9295F690400CC85EA /* XCRemoteSwiftPackageReference "firebase-ios-sdk" */;
			productName = "FirebaseAppDistribution-Beta";
		};
		021E16B6295F690400CC85EA /* FirebaseAuth */ = {
			isa = XCSwiftPackageProductDependency;
			package = 021E16A9295F690400CC85EA /* XCRemoteSwiftPackageReference "firebase-ios-sdk" */;
			productName = FirebaseAuth;
		};
		021E16B8295F690400CC85EA /* FirebaseAuthCombine-Community */ = {
			isa = XCSwiftPackageProductDependency;
			package = 021E16A9295F690400CC85EA /* XCRemoteSwiftPackageReference "firebase-ios-sdk" */;
			productName = "FirebaseAuthCombine-Community";
		};
		021E16BA295F690400CC85EA /* FirebaseCrashlytics */ = {
			isa = XCSwiftPackageProductDependency;
			package = 021E16A9295F690400CC85EA /* XCRemoteSwiftPackageReference "firebase-ios-sdk" */;
			productName = FirebaseCrashlytics;
		};
		021E16BC295F690400CC85EA /* FirebaseDatabase */ = {
			isa = XCSwiftPackageProductDependency;
			package = 021E16A9295F690400CC85EA /* XCRemoteSwiftPackageReference "firebase-ios-sdk" */;
			productName = FirebaseDatabase;
		};
		021E16BE295F690400CC85EA /* FirebaseDatabaseSwift */ = {
			isa = XCSwiftPackageProductDependency;
			package = 021E16A9295F690400CC85EA /* XCRemoteSwiftPackageReference "firebase-ios-sdk" */;
			productName = FirebaseDatabaseSwift;
		};
		021E16C0295F690400CC85EA /* FirebaseDynamicLinks */ = {
			isa = XCSwiftPackageProductDependency;
			package = 021E16A9295F690400CC85EA /* XCRemoteSwiftPackageReference "firebase-ios-sdk" */;
			productName = FirebaseDynamicLinks;
		};
		021E16C2295F690400CC85EA /* FirebaseFirestore */ = {
			isa = XCSwiftPackageProductDependency;
			package = 021E16A9295F690400CC85EA /* XCRemoteSwiftPackageReference "firebase-ios-sdk" */;
			productName = FirebaseFirestore;
		};
		021E16C4295F690400CC85EA /* FirebaseFirestoreCombine-Community */ = {
			isa = XCSwiftPackageProductDependency;
			package = 021E16A9295F690400CC85EA /* XCRemoteSwiftPackageReference "firebase-ios-sdk" */;
			productName = "FirebaseFirestoreCombine-Community";
		};
		021E16C6295F690400CC85EA /* FirebaseFirestoreSwift */ = {
			isa = XCSwiftPackageProductDependency;
			package = 021E16A9295F690400CC85EA /* XCRemoteSwiftPackageReference "firebase-ios-sdk" */;
			productName = FirebaseFirestoreSwift;
		};
		021E16C8295F690400CC85EA /* FirebaseFunctions */ = {
			isa = XCSwiftPackageProductDependency;
			package = 021E16A9295F690400CC85EA /* XCRemoteSwiftPackageReference "firebase-ios-sdk" */;
			productName = FirebaseFunctions;
		};
		021E16CA295F690400CC85EA /* FirebaseFunctionsCombine-Community */ = {
			isa = XCSwiftPackageProductDependency;
			package = 021E16A9295F690400CC85EA /* XCRemoteSwiftPackageReference "firebase-ios-sdk" */;
			productName = "FirebaseFunctionsCombine-Community";
		};
		021E16CC295F690400CC85EA /* FirebaseInAppMessaging-Beta */ = {
			isa = XCSwiftPackageProductDependency;
			package = 021E16A9295F690400CC85EA /* XCRemoteSwiftPackageReference "firebase-ios-sdk" */;
			productName = "FirebaseInAppMessaging-Beta";
		};
		021E16CE295F690400CC85EA /* FirebaseInAppMessagingSwift-Beta */ = {
			isa = XCSwiftPackageProductDependency;
			package = 021E16A9295F690400CC85EA /* XCRemoteSwiftPackageReference "firebase-ios-sdk" */;
			productName = "FirebaseInAppMessagingSwift-Beta";
		};
		021E16D0295F690400CC85EA /* FirebaseInstallations */ = {
			isa = XCSwiftPackageProductDependency;
			package = 021E16A9295F690400CC85EA /* XCRemoteSwiftPackageReference "firebase-ios-sdk" */;
			productName = FirebaseInstallations;
		};
		021E16D2295F690400CC85EA /* FirebaseMLModelDownloader */ = {
			isa = XCSwiftPackageProductDependency;
			package = 021E16A9295F690400CC85EA /* XCRemoteSwiftPackageReference "firebase-ios-sdk" */;
			productName = FirebaseMLModelDownloader;
		};
		021E16D4295F690400CC85EA /* FirebaseMessaging */ = {
			isa = XCSwiftPackageProductDependency;
			package = 021E16A9295F690400CC85EA /* XCRemoteSwiftPackageReference "firebase-ios-sdk" */;
			productName = FirebaseMessaging;
		};
		021E16D6295F690400CC85EA /* FirebasePerformance */ = {
			isa = XCSwiftPackageProductDependency;
			package = 021E16A9295F690400CC85EA /* XCRemoteSwiftPackageReference "firebase-ios-sdk" */;
			productName = FirebasePerformance;
		};
		021E16D8295F690400CC85EA /* FirebaseRemoteConfig */ = {
			isa = XCSwiftPackageProductDependency;
			package = 021E16A9295F690400CC85EA /* XCRemoteSwiftPackageReference "firebase-ios-sdk" */;
			productName = FirebaseRemoteConfig;
		};
		021E16DA295F690400CC85EA /* FirebaseRemoteConfigSwift */ = {
			isa = XCSwiftPackageProductDependency;
			package = 021E16A9295F690400CC85EA /* XCRemoteSwiftPackageReference "firebase-ios-sdk" */;
			productName = FirebaseRemoteConfigSwift;
		};
		021E16DC295F690400CC85EA /* FirebaseStorage */ = {
			isa = XCSwiftPackageProductDependency;
			package = 021E16A9295F690400CC85EA /* XCRemoteSwiftPackageReference "firebase-ios-sdk" */;
			productName = FirebaseStorage;
		};
		021E16DE295F690400CC85EA /* FirebaseStorageCombine-Community */ = {
			isa = XCSwiftPackageProductDependency;
			package = 021E16A9295F690400CC85EA /* XCRemoteSwiftPackageReference "firebase-ios-sdk" */;
			productName = "FirebaseStorageCombine-Community";
		};
		02444DFE29CA122F00CDBB8B /* GoogleSignIn */ = {
			isa = XCSwiftPackageProductDependency;
			package = 02444DFD29CA122F00CDBB8B /* XCRemoteSwiftPackageReference "GoogleSignIn-iOS" */;
			productName = GoogleSignIn;
		};
		02444E0029CA122F00CDBB8B /* GoogleSignInSwift */ = {
			isa = XCSwiftPackageProductDependency;
			package = 02444DFD29CA122F00CDBB8B /* XCRemoteSwiftPackageReference "GoogleSignIn-iOS" */;
			productName = GoogleSignInSwift;
		};
		0266F2FF29707A04009F4F55 /* RichTextKit */ = {
			isa = XCSwiftPackageProductDependency;
			package = 0266F2FE29707A03009F4F55 /* XCRemoteSwiftPackageReference "RichTextKit" */;
			productName = RichTextKit;
		};
		0266F3022970844C009F4F55 /* FormValidator */ = {
			isa = XCSwiftPackageProductDependency;
			package = 0266F3012970844C009F4F55 /* XCRemoteSwiftPackageReference "SwiftUIFormValidator" */;
			productName = FormValidator;
		};
		0266F30529709539009F4F55 /* PopupView */ = {
			isa = XCSwiftPackageProductDependency;
			package = 0266F30429709539009F4F55 /* XCRemoteSwiftPackageReference "PopupView" */;
			productName = PopupView;
		};
		0266F30829709C91009F4F55 /* ConfettiSwiftUI */ = {
			isa = XCSwiftPackageProductDependency;
			package = 0266F30729709C91009F4F55 /* XCRemoteSwiftPackageReference "ConfettiSwiftUI" */;
			productName = ConfettiSwiftUI;
		};
/* End XCSwiftPackageProductDependency section */
	};
	rootObject = 024C64CB2958AFAE00C6E581 /* Project object */;
}
